
Microsoft Visual Studio Solution File, Format Version 12.00
# Visual Studio Version 17
VisualStudioVersion = 17.6.33723.286
MinimumVisualStudioVersion = 10.0.40219.1
Project("{9A19103F-16F7-4668-BE54-9A1E7A4F7556}") = "Mvc5_AI", "Mvc5_AI\Mvc5_AI.csproj", "{C03FC6C4-13DC-48BF-8E51-AB2155ED5F02}"
EndProject
Project("{9A19103F-16F7-4668-BE54-9A1E7A4F7556}") = "About", "About\About.csproj", "{EFCE5A57-269F-4486-BEA1-D74BB0DB323E}"
EndProject
Project("{FAE04EC0-301F-11D3-BF4B-00C04F79EFBC}") = "Net7_Webapi", "Net7_Webapi\Net7_Webapi.csproj", "{750B3EF3-7B47-4238-9174-5A3C6C6019DE}"
EndProject
Project("{FAE04EC0-301F-11D3-BF4B-00C04F79EFBC}") = "OpenAPI", "OpenAPI\OpenAPI.csproj", "{48CD7ADD-CD34-4A70-B22B-6AB5E2C3561C}"
EndProject
Global
	GlobalSection(SolutionConfigurationPlatforms) = preSolution
		Debug|Any CPU = Debug|Any CPU
		Release|Any CPU = Release|Any CPU
	EndGlobalSection
	GlobalSection(ProjectConfigurationPlatforms) = postSolution
		{C03FC6C4-13DC-48BF-8E51-AB2155ED5F02}.Debug|Any CPU.ActiveCfg = Debug|Any CPU
		{C03FC6C4-13DC-48BF-8E51-AB2155ED5F02}.Debug|Any CPU.Build.0 = Debug|Any CPU
		{C03FC6C4-13DC-48BF-8E51-AB2155ED5F02}.Release|Any CPU.ActiveCfg = Release|Any CPU
		{C03FC6C4-13DC-48BF-8E51-AB2155ED5F02}.Release|Any CPU.Build.0 = Release|Any CPU
		{EFCE5A57-269F-4486-BEA1-D74BB0DB323E}.Debug|Any CPU.ActiveCfg = Debug|Any CPU
		{EFCE5A57-269F-4486-BEA1-D74BB0DB323E}.Debug|Any CPU.Build.0 = Debug|Any CPU
		{EFCE5A57-269F-4486-BEA1-D74BB0DB323E}.Release|Any CPU.ActiveCfg = Release|Any CPU
		{EFCE5A57-269F-4486-BEA1-D74BB0DB323E}.Release|Any CPU.Build.0 = Release|Any CPU
		{750B3EF3-7B47-4238-9174-5A3C6C6019DE}.Debug|Any CPU.ActiveCfg = Debug|Any CPU
		{750B3EF3-7B47-4238-9174-5A3C6C6019DE}.Debug|Any CPU.Build.0 = Debug|Any CPU
		{750B3EF3-7B47-4238-9174-5A3C6C6019DE}.Release|Any CPU.ActiveCfg = Release|Any CPU
		{750B3EF3-7B47-4238-9174-5A3C6C6019DE}.Release|Any CPU.Build.0 = Release|Any CPU
		{48CD7ADD-CD34-4A70-B22B-6AB5E2C3561C}.Debug|Any CPU.ActiveCfg = Debug|Any CPU
		{48CD7ADD-CD34-4A70-B22B-6AB5E2C3561C}.Debug|Any CPU.Build.0 = Debug|Any CPU
		{48CD7ADD-CD34-4A70-B22B-6AB5E2C3561C}.Release|Any CPU.ActiveCfg = Release|Any CPU
		{48CD7ADD-CD34-4A70-B22B-6AB5E2C3561C}.Release|Any CPU.Build.0 = Release|Any CPU
	EndGlobalSection
	GlobalSection(SolutionProperties) = preSolution
		HideSolutionNode = FALSE
	EndGlobalSection
	GlobalSection(ExtensibilityGlobals) = postSolution
		SolutionGuid = {A13FF44C-1636-429C-A0A0-92264C2E8BAA}
	EndGlobalSection
EndGlobal
